// !$*UTF8*$!
{
	archiveVersion = 1;
	classes = {
	};
	objectVersion = 77;
	objects = {

/* Begin PBXBuildFile section */
		481BED572DDF9B7E00C3637B /* Clix in Frameworks */ = {isa = PBXBuildFile; productRef = 481BED562DDF9B7E00C3637B /* Clix */; };
		7FADBC0A2F15FA9C0065D721 /* WidgetKit.framework in Frameworks */ = {isa = PBXBuildFile; fileRef = 7FADBC092F15FA9B0065D721 /* WidgetKit.framework */; };
		7FADBC0C2F15FA9C0065D721 /* SwiftUI.framework in Frameworks */ = {isa = PBXBuildFile; fileRef = 7FADBC0B2F15FA9C0065D721 /* SwiftUI.framework */; };
		7FADBC1B2F15FA9D0065D721 /* DeliveryLiveActivityWidgetExtension.appex in Embed Foundation Extensions */ = {isa = PBXBuildFile; fileRef = 7FADBC082F15FA9B0065D721 /* DeliveryLiveActivityWidgetExtension.appex */; settings = {ATTRIBUTES = (RemoveHeadersOnCopy, ); }; };
		7FADBC262F15FD6A0065D721 /* GoogleService-Info.plist in Resources */ = {isa = PBXBuildFile; fileRef = 7FADBC252F15FD6A0065D721 /* GoogleService-Info.plist */; };
		88C976AF2DE72BA500D410F8 /* ClixNotificationExtension.appex in Embed Foundation Extensions */ = {isa = PBXBuildFile; fileRef = 88C976A82DE72BA500D410F8 /* ClixNotificationExtension.appex */; settings = {ATTRIBUTES = (RemoveHeadersOnCopy, ); }; };
		88C976B82DE7426200D410F8 /* Clix in Frameworks */ = {isa = PBXBuildFile; productRef = 88C976B72DE7426200D410F8 /* Clix */; };
/* End PBXBuildFile section */

/* Begin PBXContainerItemProxy section */
		7FADBC192F15FA9D0065D721 /* PBXContainerItemProxy */ = {
			isa = PBXContainerItemProxy;
			containerPortal = 48F08EBD2DDF90CC003D26D4 /* Project object */;
			proxyType = 1;
			remoteGlobalIDString = 7FADBC072F15FA9B0065D721;
			remoteInfo = DeliveryLiveActivityWidgetExtension;
		};
		88C976AD2DE72BA500D410F8 /* PBXContainerItemProxy */ = {
			isa = PBXContainerItemProxy;
			containerPortal = 48F08EBD2DDF90CC003D26D4 /* Project object */;
			proxyType = 1;
			remoteGlobalIDString = 88C976A72DE72BA500D410F8;
			remoteInfo = ClixNotificationExtension;
		};
/* End PBXContainerItemProxy section */

/* Begin PBXCopyFilesBuildPhase section */
		88C976B02DE72BA500D410F8 /* Embed Foundation Extensions */ = {
			isa = PBXCopyFilesBuildPhase;
			buildActionMask = 2147483647;
			dstPath = "";
			dstSubfolderSpec = 13;
			files = (
				88C976AF2DE72BA500D410F8 /* ClixNotificationExtension.appex in Embed Foundation Extensions */,
				7FADBC1B2F15FA9D0065D721 /* DeliveryLiveActivityWidgetExtension.appex in Embed Foundation Extensions */,
			);
			name = "Embed Foundation Extensions";
			runOnlyForDeploymentPostprocessing = 0;
		};
/* End PBXCopyFilesBuildPhase section */

/* Begin PBXFileReference section */
		48533B3D2DE436D80060D148 /* BasicApp.entitlements */ = {isa = PBXFileReference; lastKnownFileType = text.plist.entitlements; path = BasicApp.entitlements; sourceTree = "<group>"; };
		48533B3E2DE437020060D148 /* BasicApp-Info.plist */ = {isa = PBXFileReference; lastKnownFileType = text.plist; path = "BasicApp-Info.plist"; sourceTree = "<group>"; };
		48F08EC52DDF90CC003D26D4 /* BasicApp.app */ = {isa = PBXFileReference; explicitFileType = wrapper.application; includeInIndex = 0; path = BasicApp.app; sourceTree = BUILT_PRODUCTS_DIR; };
		7FADBC082F15FA9B0065D721 /* DeliveryLiveActivityWidgetExtension.appex */ = {isa = PBXFileReference; explicitFileType = "wrapper.app-extension"; includeInIndex = 0; path = DeliveryLiveActivityWidgetExtension.appex; sourceTree = BUILT_PRODUCTS_DIR; };
		7FADBC092F15FA9B0065D721 /* WidgetKit.framework */ = {isa = PBXFileReference; lastKnownFileType = wrapper.framework; name = WidgetKit.framework; path = System/Library/Frameworks/WidgetKit.framework; sourceTree = SDKROOT; };
		7FADBC0B2F15FA9C0065D721 /* SwiftUI.framework */ = {isa = PBXFileReference; lastKnownFileType = wrapper.framework; name = SwiftUI.framework; path = System/Library/Frameworks/SwiftUI.framework; sourceTree = SDKROOT; };
		7FADBC252F15FD6A0065D721 /* GoogleService-Info.plist */ = {isa = PBXFileReference; lastKnownFileType = text.plist.xml; path = "GoogleService-Info.plist"; sourceTree = "<group>"; };
		88C976A82DE72BA500D410F8 /* ClixNotificationExtension.appex */ = {isa = PBXFileReference; explicitFileType = "wrapper.app-extension"; includeInIndex = 0; path = ClixNotificationExtension.appex; sourceTree = BUILT_PRODUCTS_DIR; };
/* End PBXFileReference section */

/* Begin PBXFileSystemSynchronizedBuildFileExceptionSet section */
		488227102DFA764A0072376D /* Exceptions for "Sources" folder in "ClixNotificationExtension" target */ = {
			isa = PBXFileSystemSynchronizedBuildFileExceptionSet;
			membershipExceptions = (
				ClixConfiguration.swift,
			);
			target = 88C976A72DE72BA500D410F8 /* ClixNotificationExtension */;
		};
		7FADBC1E2F15FA9D0065D721 /* Exceptions for "DeliveryLiveActivityWidget" folder in "DeliveryLiveActivityWidgetExtension" target */ = {
			isa = PBXFileSystemSynchronizedBuildFileExceptionSet;
			membershipExceptions = (
				Info.plist,
			);
			target = 7FADBC072F15FA9B0065D721 /* DeliveryLiveActivityWidgetExtension */;
		};
		7FADBC242F15FAD50065D721 /* Exceptions for "Sources" folder in "DeliveryLiveActivityWidgetExtension" target */ = {
			isa = PBXFileSystemSynchronizedBuildFileExceptionSet;
			membershipExceptions = (
				DeliveryActivityAttributes.swift,
			);
			target = 7FADBC072F15FA9B0065D721 /* DeliveryLiveActivityWidgetExtension */;
		};
		88C976B32DE72BA500D410F8 /* Exceptions for "ClixNotificationExtension" folder in "ClixNotificationExtension" target */ = {
			isa = PBXFileSystemSynchronizedBuildFileExceptionSet;
			membershipExceptions = (
				Info.plist,
			);
			target = 88C976A72DE72BA500D410F8 /* ClixNotificationExtension */;
		};
/* End PBXFileSystemSynchronizedBuildFileExceptionSet section */

/* Begin PBXFileSystemSynchronizedRootGroup section */
		489A1DF02DF6B864005D66F7 /* Resources */ = {
			isa = PBXFileSystemSynchronizedRootGroup;
			path = Resources;
			sourceTree = "<group>";
		};
		48F08EC72DDF90CC003D26D4 /* Sources */ = {
			isa = PBXFileSystemSynchronizedRootGroup;
			exceptions = (
				488227102DFA764A0072376D /* Exceptions for "Sources" folder in "ClixNotificationExtension" target */,
				7FADBC242F15FAD50065D721 /* Exceptions for "Sources" folder in "DeliveryLiveActivityWidgetExtension" target */,
			);
			path = Sources;
			sourceTree = "<group>";
		};
		7FADBC0D2F15FA9C0065D721 /* DeliveryLiveActivityWidget */ = {
			isa = PBXFileSystemSynchronizedRootGroup;
			exceptions = (
				7FADBC1E2F15FA9D0065D721 /* Exceptions for "DeliveryLiveActivityWidget" folder in "DeliveryLiveActivityWidgetExtension" target */,
			);
			path = DeliveryLiveActivityWidget;
			sourceTree = "<group>";
		};
		88C976A92DE72BA500D410F8 /* ClixNotificationExtension */ = {
			isa = PBXFileSystemSynchronizedRootGroup;
			exceptions = (
				88C976B32DE72BA500D410F8 /* Exceptions for "ClixNotificationExtension" folder in "ClixNotificationExtension" target */,
			);
			path = ClixNotificationExtension;
			sourceTree = "<group>";
		};
/* End PBXFileSystemSynchronizedRootGroup section */

/* Begin PBXFrameworksBuildPhase section */
		48F08EC22DDF90CC003D26D4 /* Frameworks */ = {
			isa = PBXFrameworksBuildPhase;
			buildActionMask = 2147483647;
			files = (
				481BED572DDF9B7E00C3637B /* Clix in Frameworks */,
			);
			runOnlyForDeploymentPostprocessing = 0;
		};
		7FADBC052F15FA9B0065D721 /* Frameworks */ = {
			isa = PBXFrameworksBuildPhase;
			buildActionMask = 2147483647;
			files = (
				7FADBC0C2F15FA9C0065D721 /* SwiftUI.framework in Frameworks */,
				7FADBC0A2F15FA9C0065D721 /* WidgetKit.framework in Frameworks */,
			);
			runOnlyForDeploymentPostprocessing = 0;
		};
		88C976A52DE72BA500D410F8 /* Frameworks */ = {
			isa = PBXFrameworksBuildPhase;
			buildActionMask = 2147483647;
			files = (
				88C976B82DE7426200D410F8 /* Clix in Frameworks */,
			);
			runOnlyForDeploymentPostprocessing = 0;
		};
/* End PBXFrameworksBuildPhase section */

/* Begin PBXGroup section */
		48F08EBC2DDF90CC003D26D4 = {
			isa = PBXGroup;
			children = (
				7FADBC252F15FD6A0065D721 /* GoogleService-Info.plist */,
				489A1DF02DF6B864005D66F7 /* Resources */,
				48533B3E2DE437020060D148 /* BasicApp-Info.plist */,
				48533B3D2DE436D80060D148 /* BasicApp.entitlements */,
				48F08EC72DDF90CC003D26D4 /* Sources */,
				88C976A92DE72BA500D410F8 /* ClixNotificationExtension */,
				7FADBC0D2F15FA9C0065D721 /* DeliveryLiveActivityWidget */,
				48F08EC62DDF90CC003D26D4 /* Products */,
				88C976B62DE7426200D410F8 /* Frameworks */,
			);
			sourceTree = "<group>";
		};
		48F08EC62DDF90CC003D26D4 /* Products */ = {
			isa = PBXGroup;
			children = (
				48F08EC52DDF90CC003D26D4 /* BasicApp.app */,
				88C976A82DE72BA500D410F8 /* ClixNotificationExtension.appex */,
				7FADBC082F15FA9B0065D721 /* DeliveryLiveActivityWidgetExtension.appex */,
			);
			name = Products;
			sourceTree = "<group>";
		};
		88C976B62DE7426200D410F8 /* Frameworks */ = {
			isa = PBXGroup;
			children = (
				7FADBC092F15FA9B0065D721 /* WidgetKit.framework */,
				7FADBC0B2F15FA9C0065D721 /* SwiftUI.framework */,
			);
			name = Frameworks;
			sourceTree = "<group>";
		};
/* End PBXGroup section */

/* Begin PBXNativeTarget section */
		48F08EC42DDF90CC003D26D4 /* BasicApp */ = {
			isa = PBXNativeTarget;
			buildConfigurationList = 48F08ED02DDF90CD003D26D4 /* Build configuration list for PBXNativeTarget "BasicApp" */;
			buildPhases = (
				48F08EC12DDF90CC003D26D4 /* Sources */,
				48F08EC22DDF90CC003D26D4 /* Frameworks */,
				48F08EC32DDF90CC003D26D4 /* Resources */,
				88C976B02DE72BA500D410F8 /* Embed Foundation Extensions */,
			);
			buildRules = (
			);
			dependencies = (
				88C976AE2DE72BA500D410F8 /* PBXTargetDependency */,
				7FADBC1A2F15FA9D0065D721 /* PBXTargetDependency */,
			);
			fileSystemSynchronizedGroups = (
				489A1DF02DF6B864005D66F7 /* Resources */,
				48F08EC72DDF90CC003D26D4 /* Sources */,
			);
			name = BasicApp;
			packageProductDependencies = (
				481BED562DDF9B7E00C3637B /* Clix */,
			);
			productName = BasicApp;
			productReference = 48F08EC52DDF90CC003D26D4 /* BasicApp.app */;
			productType = "com.apple.product-type.application";
		};
		7FADBC072F15FA9B0065D721 /* DeliveryLiveActivityWidgetExtension */ = {
			isa = PBXNativeTarget;
			buildConfigurationList = 7FADBC1F2F15FA9D0065D721 /* Build configuration list for PBXNativeTarget "DeliveryLiveActivityWidgetExtension" */;
			buildPhases = (
				7FADBC042F15FA9B0065D721 /* Sources */,
				7FADBC052F15FA9B0065D721 /* Frameworks */,
				7FADBC062F15FA9B0065D721 /* Resources */,
			);
			buildRules = (
			);
			dependencies = (
			);
			fileSystemSynchronizedGroups = (
				7FADBC0D2F15FA9C0065D721 /* DeliveryLiveActivityWidget */,
			);
			name = DeliveryLiveActivityWidgetExtension;
			packageProductDependencies = (
			);
			productName = DeliveryLiveActivityWidgetExtension;
			productReference = 7FADBC082F15FA9B0065D721 /* DeliveryLiveActivityWidgetExtension.appex */;
			productType = "com.apple.product-type.app-extension";
		};
		88C976A72DE72BA500D410F8 /* ClixNotificationExtension */ = {
			isa = PBXNativeTarget;
			buildConfigurationList = 88C976B42DE72BA500D410F8 /* Build configuration list for PBXNativeTarget "ClixNotificationExtension" */;
			buildPhases = (
				88C976A42DE72BA500D410F8 /* Sources */,
				88C976A52DE72BA500D410F8 /* Frameworks */,
				88C976A62DE72BA500D410F8 /* Resources */,
			);
			buildRules = (
			);
			dependencies = (
			);
			fileSystemSynchronizedGroups = (
				88C976A92DE72BA500D410F8 /* ClixNotificationExtension */,
			);
			name = ClixNotificationExtension;
			packageProductDependencies = (
				88C976B72DE7426200D410F8 /* Clix */,
			);
			productName = ClixNotificationExtension;
			productReference = 88C976A82DE72BA500D410F8 /* ClixNotificationExtension.appex */;
			productType = "com.apple.product-type.app-extension";
		};
/* End PBXNativeTarget section */

/* Begin PBXProject section */
		48F08EBD2DDF90CC003D26D4 /* Project object */ = {
			isa = PBXProject;
			attributes = {
				BuildIndependentTargetsInParallel = 1;
				LastSwiftUpdateCheck = 1640;
				LastUpgradeCheck = 1640;
				TargetAttributes = {
					48F08EC42DDF90CC003D26D4 = {
						CreatedOnToolsVersion = 16.3;
					};
					7FADBC072F15FA9B0065D721 = {
						CreatedOnToolsVersion = 16.4;
					};
					88C976A72DE72BA500D410F8 = {
						CreatedOnToolsVersion = 16.2;
					};
				};
			};
			buildConfigurationList = 48F08EC02DDF90CC003D26D4 /* Build configuration list for PBXProject "BasicApp" */;
			developmentRegion = en;
			hasScannedForEncodings = 0;
			knownRegions = (
				en,
				Base,
			);
			mainGroup = 48F08EBC2DDF90CC003D26D4;
			minimizedProjectReferenceProxies = 1;
			packageReferences = (
				481BED552DDF9B7E00C3637B /* XCLocalSwiftPackageReference "../../" */,
			);
			preferredProjectObjectVersion = 77;
			productRefGroup = 48F08EC62DDF90CC003D26D4 /* Products */;
			projectDirPath = "";
			projectRoot = "";
			targets = (
				48F08EC42DDF90CC003D26D4 /* BasicApp */,
				88C976A72DE72BA500D410F8 /* ClixNotificationExtension */,
				7FADBC072F15FA9B0065D721 /* DeliveryLiveActivityWidgetExtension */,
			);
		};
/* End PBXProject section */

/* Begin PBXResourcesBuildPhase section */
		48F08EC32DDF90CC003D26D4 /* Resources */ = {
			isa = PBXResourcesBuildPhase;
			buildActionMask = 2147483647;
			files = (
				7FADBC262F15FD6A0065D721 /* GoogleService-Info.plist in Resources */,
			);
			runOnlyForDeploymentPostprocessing = 0;
		};
		7FADBC062F15FA9B0065D721 /* Resources */ = {
			isa = PBXResourcesBuildPhase;
			buildActionMask = 2147483647;
			files = (
			);
			runOnlyForDeploymentPostprocessing = 0;
		};
		88C976A62DE72BA500D410F8 /* Resources */ = {
			isa = PBXResourcesBuildPhase;
			buildActionMask = 2147483647;
			files = (
			);
			runOnlyForDeploymentPostprocessing = 0;
		};
/* End PBXResourcesBuildPhase section */

/* Begin PBXSourcesBuildPhase section */
		48F08EC12DDF90CC003D26D4 /* Sources */ = {
			isa = PBXSourcesBuildPhase;
			buildActionMask = 2147483647;
			files = (
			);
			runOnlyForDeploymentPostprocessing = 0;
		};
		7FADBC042F15FA9B0065D721 /* Sources */ = {
			isa = PBXSourcesBuildPhase;
			buildActionMask = 2147483647;
			files = (
			);
			runOnlyForDeploymentPostprocessing = 0;
		};
		88C976A42DE72BA500D410F8 /* Sources */ = {
			isa = PBXSourcesBuildPhase;
			buildActionMask = 2147483647;
			files = (
			);
			runOnlyForDeploymentPostprocessing = 0;
		};
/* End PBXSourcesBuildPhase section */

/* Begin PBXTargetDependency section */
		7FADBC1A2F15FA9D0065D721 /* PBXTargetDependency */ = {
			isa = PBXTargetDependency;
			target = 7FADBC072F15FA9B0065D721 /* DeliveryLiveActivityWidgetExtension */;
			targetProxy = 7FADBC192F15FA9D0065D721 /* PBXContainerItemProxy */;
		};
		88C976AE2DE72BA500D410F8 /* PBXTargetDependency */ = {
			isa = PBXTargetDependency;
			target = 88C976A72DE72BA500D410F8 /* ClixNotificationExtension */;
			targetProxy = 88C976AD2DE72BA500D410F8 /* PBXContainerItemProxy */;
		};
/* End PBXTargetDependency section */

/* Begin XCBuildConfiguration section */
		48F08ECE2DDF90CD003D26D4 /* Debug */ = {
			isa = XCBuildConfiguration;
			buildSettings = {
				ALWAYS_SEARCH_USER_PATHS = NO;
				ASSETCATALOG_COMPILER_GENERATE_SWIFT_ASSET_SYMBOL_EXTENSIONS = YES;
				CLANG_ANALYZER_NONNULL = YES;
				CLANG_ANALYZER_NUMBER_OBJECT_CONVERSION = YES_AGGRESSIVE;
				CLANG_CXX_LANGUAGE_STANDARD = "gnu++20";
				CLANG_ENABLE_MODULES = YES;
				CLANG_ENABLE_OBJC_ARC = YES;
				CLANG_ENABLE_OBJC_WEAK = YES;
				CLANG_WARN_BLOCK_CAPTURE_AUTORELEASING = YES;
				CLANG_WARN_BOOL_CONVERSION = YES;
				CLANG_WARN_COMMA = YES;
				CLANG_WARN_CONSTANT_CONVERSION = YES;
				CLANG_WARN_DEPRECATED_OBJC_IMPLEMENTATIONS = YES;
				CLANG_WARN_DIRECT_OBJC_ISA_USAGE = YES_ERROR;
				CLANG_WARN_DOCUMENTATION_COMMENTS = YES;
				CLANG_WARN_EMPTY_BODY = YES;
				CLANG_WARN_ENUM_CONVERSION = YES;
				CLANG_WARN_INFINITE_RECURSION = YES;
				CLANG_WARN_INT_CONVERSION = YES;
				CLANG_WARN_NON_LITERAL_NULL_CONVERSION = YES;
				CLANG_WARN_OBJC_IMPLICIT_RETAIN_SELF = YES;
				CLANG_WARN_OBJC_LITERAL_CONVERSION = YES;
				CLANG_WARN_OBJC_ROOT_CLASS = YES_ERROR;
				CLANG_WARN_QUOTED_INCLUDE_IN_FRAMEWORK_HEADER = YES;
				CLANG_WARN_RANGE_LOOP_ANALYSIS = YES;
				CLANG_WARN_STRICT_PROTOTYPES = YES;
				CLANG_WARN_SUSPICIOUS_MOVE = YES;
				CLANG_WARN_UNGUARDED_AVAILABILITY = YES_AGGRESSIVE;
				CLANG_WARN_UNREACHABLE_CODE = YES;
				CLANG_WARN__DUPLICATE_METHOD_MATCH = YES;
				COPY_PHASE_STRIP = NO;
				DEBUG_INFORMATION_FORMAT = dwarf;
				DEVELOPMENT_TEAM = "";
				ENABLE_STRICT_OBJC_MSGSEND = YES;
				ENABLE_TESTABILITY = YES;
				ENABLE_USER_SCRIPT_SANDBOXING = YES;
				GCC_C_LANGUAGE_STANDARD = gnu17;
				GCC_DYNAMIC_NO_PIC = NO;
				GCC_NO_COMMON_BLOCKS = YES;
				GCC_OPTIMIZATION_LEVEL = 0;
				GCC_PREPROCESSOR_DEFINITIONS = (
					"DEBUG=1",
					"$(inherited)",
				);
				GCC_WARN_64_TO_32_BIT_CONVERSION = YES;
				GCC_WARN_ABOUT_RETURN_TYPE = YES_ERROR;
				GCC_WARN_UNDECLARED_SELECTOR = YES;
				GCC_WARN_UNINITIALIZED_AUTOS = YES_AGGRESSIVE;
				GCC_WARN_UNUSED_FUNCTION = YES;
				GCC_WARN_UNUSED_VARIABLE = YES;
				IPHONEOS_DEPLOYMENT_TARGET = 15.0;
				LOCALIZATION_PREFERS_STRING_CATALOGS = YES;
				MTL_ENABLE_DEBUG_INFO = INCLUDE_SOURCE;
				MTL_FAST_MATH = YES;
				ONLY_ACTIVE_ARCH = YES;
				SDKROOT = iphoneos;
				SWIFT_ACTIVE_COMPILATION_CONDITIONS = "DEBUG $(inherited)";
				SWIFT_OPTIMIZATION_LEVEL = "-Onone";
			};
			name = Debug;
		};
		48F08ECF2DDF90CD003D26D4 /* Release */ = {
			isa = XCBuildConfiguration;
			buildSettings = {
				ALWAYS_SEARCH_USER_PATHS = NO;
				ASSETCATALOG_COMPILER_GENERATE_SWIFT_ASSET_SYMBOL_EXTENSIONS = YES;
				CLANG_ANALYZER_NONNULL = YES;
				CLANG_ANALYZER_NUMBER_OBJECT_CONVERSION = YES_AGGRESSIVE;
				CLANG_CXX_LANGUAGE_STANDARD = "gnu++20";
				CLANG_ENABLE_MODULES = YES;
				CLANG_ENABLE_OBJC_ARC = YES;
				CLANG_ENABLE_OBJC_WEAK = YES;
				CLANG_WARN_BLOCK_CAPTURE_AUTORELEASING = YES;
				CLANG_WARN_BOOL_CONVERSION = YES;
				CLANG_WARN_COMMA = YES;
				CLANG_WARN_CONSTANT_CONVERSION = YES;
				CLANG_WARN_DEPRECATED_OBJC_IMPLEMENTATIONS = YES;
				CLANG_WARN_DIRECT_OBJC_ISA_USAGE = YES_ERROR;
				CLANG_WARN_DOCUMENTATION_COMMENTS = YES;
				CLANG_WARN_EMPTY_BODY = YES;
				CLANG_WARN_ENUM_CONVERSION = YES;
				CLANG_WARN_INFINITE_RECURSION = YES;
				CLANG_WARN_INT_CONVERSION = YES;
				CLANG_WARN_NON_LITERAL_NULL_CONVERSION = YES;
				CLANG_WARN_OBJC_IMPLICIT_RETAIN_SELF = YES;
				CLANG_WARN_OBJC_LITERAL_CONVERSION = YES;
				CLANG_WARN_OBJC_ROOT_CLASS = YES_ERROR;
				CLANG_WARN_QUOTED_INCLUDE_IN_FRAMEWORK_HEADER = YES;
				CLANG_WARN_RANGE_LOOP_ANALYSIS = YES;
				CLANG_WARN_STRICT_PROTOTYPES = YES;
				CLANG_WARN_SUSPICIOUS_MOVE = YES;
				CLANG_WARN_UNGUARDED_AVAILABILITY = YES_AGGRESSIVE;
				CLANG_WARN_UNREACHABLE_CODE = YES;
				CLANG_WARN__DUPLICATE_METHOD_MATCH = YES;
				COPY_PHASE_STRIP = NO;
				DEBUG_INFORMATION_FORMAT = "dwarf-with-dsym";
				DEVELOPMENT_TEAM = "";
				ENABLE_NS_ASSERTIONS = NO;
				ENABLE_STRICT_OBJC_MSGSEND = YES;
				ENABLE_USER_SCRIPT_SANDBOXING = YES;
				GCC_C_LANGUAGE_STANDARD = gnu17;
				GCC_NO_COMMON_BLOCKS = YES;
				GCC_WARN_64_TO_32_BIT_CONVERSION = YES;
				GCC_WARN_ABOUT_RETURN_TYPE = YES_ERROR;
				GCC_WARN_UNDECLARED_SELECTOR = YES;
				GCC_WARN_UNINITIALIZED_AUTOS = YES_AGGRESSIVE;
				GCC_WARN_UNUSED_FUNCTION = YES;
				GCC_WARN_UNUSED_VARIABLE = YES;
				IPHONEOS_DEPLOYMENT_TARGET = 15.0;
				LOCALIZATION_PREFERS_STRING_CATALOGS = YES;
				MTL_ENABLE_DEBUG_INFO = NO;
				MTL_FAST_MATH = YES;
				SDKROOT = iphoneos;
				SWIFT_COMPILATION_MODE = wholemodule;
				VALIDATE_PRODUCT = YES;
			};
			name = Release;
		};
		48F08ED12DDF90CD003D26D4 /* Debug */ = {
			isa = XCBuildConfiguration;
			buildSettings = {
				ASSETCATALOG_COMPILER_APPICON_NAME = AppIcon;
				ASSETCATALOG_COMPILER_GLOBAL_ACCENT_COLOR_NAME = AccentColor;
				CODE_SIGN_ENTITLEMENTS = BasicApp.entitlements;
				CODE_SIGN_STYLE = Automatic;
				CURRENT_PROJECT_VERSION = 1;
				DEVELOPMENT_TEAM = "";
				ENABLE_PREVIEWS = YES;
				GENERATE_INFOPLIST_FILE = YES;
				INFOPLIST_FILE = "BasicApp-Info.plist";
				INFOPLIST_KEY_CFBundleDisplayName = "Clix Sample";
				INFOPLIST_KEY_UIApplicationSceneManifest_Generation = YES;
				INFOPLIST_KEY_UIApplicationSupportsIndirectInputEvents = YES;
				INFOPLIST_KEY_UILaunchScreen_Generation = YES;
				INFOPLIST_KEY_UISupportedInterfaceOrientations_iPad = "UIInterfaceOrientationPortrait UIInterfaceOrientationPortraitUpsideDown UIInterfaceOrientationLandscapeLeft UIInterfaceOrientationLandscapeRight";
				INFOPLIST_KEY_UISupportedInterfaceOrientations_iPhone = "UIInterfaceOrientationPortrait UIInterfaceOrientationLandscapeLeft UIInterfaceOrientationLandscapeRight";
				IPHONEOS_DEPLOYMENT_TARGET = 15.0;
				LD_RUNPATH_SEARCH_PATHS = (
					"$(inherited)",
					"@executable_path/Frameworks",
				);
				MARKETING_VERSION = 1.0;
				PRODUCT_BUNDLE_IDENTIFIER = so.clix.samples.basic;
				PRODUCT_NAME = "$(TARGET_NAME)";
				SWIFT_EMIT_LOC_STRINGS = YES;
				SWIFT_VERSION = 5.0;
				TARGETED_DEVICE_FAMILY = "1,2";
			};
			name = Debug;
		};
		48F08ED22DDF90CD003D26D4 /* Release */ = {
			isa = XCBuildConfiguration;
			buildSettings = {
				ASSETCATALOG_COMPILER_APPICON_NAME = AppIcon;
				ASSETCATALOG_COMPILER_GLOBAL_ACCENT_COLOR_NAME = AccentColor;
				CODE_SIGN_ENTITLEMENTS = BasicApp.entitlements;
				CODE_SIGN_STYLE = Automatic;
				CURRENT_PROJECT_VERSION = 1;
				DEVELOPMENT_TEAM = "";
				ENABLE_PREVIEWS = YES;
				GENERATE_INFOPLIST_FILE = YES;
				INFOPLIST_FILE = "BasicApp-Info.plist";
				INFOPLIST_KEY_CFBundleDisplayName = "Clix Sample";
				INFOPLIST_KEY_UIApplicationSceneManifest_Generation = YES;
				INFOPLIST_KEY_UIApplicationSupportsIndirectInputEvents = YES;
				INFOPLIST_KEY_UILaunchScreen_Generation = YES;
				INFOPLIST_KEY_UISupportedInterfaceOrientations_iPad = "UIInterfaceOrientationPortrait UIInterfaceOrientationPortraitUpsideDown UIInterfaceOrientationLandscapeLeft UIInterfaceOrientationLandscapeRight";
				INFOPLIST_KEY_UISupportedInterfaceOrientations_iPhone = "UIInterfaceOrientationPortrait UIInterfaceOrientationLandscapeLeft UIInterfaceOrientationLandscapeRight";
				IPHONEOS_DEPLOYMENT_TARGET = 15.0;
				LD_RUNPATH_SEARCH_PATHS = (
					"$(inherited)",
					"@executable_path/Frameworks",
				);
				MARKETING_VERSION = 1.0;
				PRODUCT_BUNDLE_IDENTIFIER = so.clix.samples.basic;
				PRODUCT_NAME = "$(TARGET_NAME)";
				SWIFT_EMIT_LOC_STRINGS = YES;
				SWIFT_VERSION = 5.0;
				TARGETED_DEVICE_FAMILY = "1,2";
			};
			name = Release;
		};
		7FADBC1C2F15FA9D0065D721 /* Debug */ = {
			isa = XCBuildConfiguration;
			buildSettings = {
				ASSETCATALOG_COMPILER_GLOBAL_ACCENT_COLOR_NAME = AccentColor;
				ASSETCATALOG_COMPILER_WIDGET_BACKGROUND_COLOR_NAME = WidgetBackground;
				CODE_SIGN_STYLE = Automatic;
				CURRENT_PROJECT_VERSION = 1;
				DEVELOPMENT_TEAM = "";
				GENERATE_INFOPLIST_FILE = YES;
				INFOPLIST_FILE = DeliveryLiveActivityWidget/Info.plist;
				INFOPLIST_KEY_CFBundleDisplayName = DeliveryLiveActivityWidget;
				INFOPLIST_KEY_NSHumanReadableCopyright = "";
				IPHONEOS_DEPLOYMENT_TARGET = 18.5;
				LD_RUNPATH_SEARCH_PATHS = (
					"$(inherited)",
					"@executable_path/Frameworks",
					"@executable_path/../../Frameworks",
				);
				MARKETING_VERSION = 1.0;
				PRODUCT_BUNDLE_IDENTIFIER = so.clix.samples.basic.DeliveryLiveActivityWidget;
				PRODUCT_NAME = "$(TARGET_NAME)";
				SKIP_INSTALL = YES;
				SWIFT_EMIT_LOC_STRINGS = YES;
				SWIFT_VERSION = 5.0;
				TARGETED_DEVICE_FAMILY = "1,2";
			};
			name = Debug;
		};
		7FADBC1D2F15FA9D0065D721 /* Release */ = {
			isa = XCBuildConfiguration;
			buildSettings = {
				ASSETCATALOG_COMPILER_GLOBAL_ACCENT_COLOR_NAME = AccentColor;
				ASSETCATALOG_COMPILER_WIDGET_BACKGROUND_COLOR_NAME = WidgetBackground;
				CODE_SIGN_STYLE = Automatic;
				CURRENT_PROJECT_VERSION = 1;
				DEVELOPMENT_TEAM = "";
				GENERATE_INFOPLIST_FILE = YES;
				INFOPLIST_FILE = DeliveryLiveActivityWidget/Info.plist;
				INFOPLIST_KEY_CFBundleDisplayName = DeliveryLiveActivityWidget;
				INFOPLIST_KEY_NSHumanReadableCopyright = "";
				IPHONEOS_DEPLOYMENT_TARGET = 18.5;
				LD_RUNPATH_SEARCH_PATHS = (
					"$(inherited)",
					"@executable_path/Frameworks",
					"@executable_path/../../Frameworks",
				);
				MARKETING_VERSION = 1.0;
				PRODUCT_BUNDLE_IDENTIFIER = so.clix.samples.basic.DeliveryLiveActivityWidget;
				PRODUCT_NAME = "$(TARGET_NAME)";
				SKIP_INSTALL = YES;
				SWIFT_EMIT_LOC_STRINGS = YES;
				SWIFT_VERSION = 5.0;
				TARGETED_DEVICE_FAMILY = "1,2";
			};
			name = Release;
		};
		88C976B12DE72BA500D410F8 /* Debug */ = {
			isa = XCBuildConfiguration;
			buildSettings = {
				CODE_SIGN_ENTITLEMENTS = ClixNotificationExtension/ClixNotificationExtension.entitlements;
				CODE_SIGN_STYLE = Automatic;
				CURRENT_PROJECT_VERSION = 1;
				GENERATE_INFOPLIST_FILE = YES;
				INFOPLIST_FILE = ClixNotificationExtension/Info.plist;
				INFOPLIST_KEY_CFBundleDisplayName = ClixNotificationExtension;
				INFOPLIST_KEY_NSHumanReadableCopyright = "";
				IPHONEOS_DEPLOYMENT_TARGET = 15.0;
				LD_RUNPATH_SEARCH_PATHS = (
					"$(inherited)",
					"@executable_path/Frameworks",
					"@executable_path/../../Frameworks",
				);
				MARKETING_VERSION = 1.0;
				PRODUCT_BUNDLE_IDENTIFIER = so.clix.samples.basic.app.ClixNotificationExtension;
				PRODUCT_NAME = "$(TARGET_NAME)";
				SKIP_INSTALL = YES;
				SWIFT_EMIT_LOC_STRINGS = YES;
				SWIFT_VERSION = 5.0;
				TARGETED_DEVICE_FAMILY = "1,2";
			};
			name = Debug;
		};
		88C976B22DE72BA500D410F8 /* Release */ = {
			isa = XCBuildConfiguration;
			buildSettings = {
				CODE_SIGN_ENTITLEMENTS = ClixNotificationExtension/ClixNotificationExtension.entitlements;
				CODE_SIGN_STYLE = Automatic;
				CURRENT_PROJECT_VERSION = 1;
				GENERATE_INFOPLIST_FILE = YES;
				INFOPLIST_FILE = ClixNotificationExtension/Info.plist;
				INFOPLIST_KEY_CFBundleDisplayName = ClixNotificationExtension;
				INFOPLIST_KEY_NSHumanReadableCopyright = "";
				IPHONEOS_DEPLOYMENT_TARGET = 15.0;
				LD_RUNPATH_SEARCH_PATHS = (
					"$(inherited)",
					"@executable_path/Frameworks",
					"@executable_path/../../Frameworks",
				);
				MARKETING_VERSION = 1.0;
				PRODUCT_BUNDLE_IDENTIFIER = so.clix.samples.basic.app.ClixNotificationExtension;
				PRODUCT_NAME = "$(TARGET_NAME)";
				SKIP_INSTALL = YES;
				SWIFT_EMIT_LOC_STRINGS = YES;
				SWIFT_VERSION = 5.0;
				TARGETED_DEVICE_FAMILY = "1,2";
			};
			name = Release;
		};
/* End XCBuildConfiguration section */

/* Begin XCConfigurationList section */
		48F08EC02DDF90CC003D26D4 /* Build configuration list for PBXProject "BasicApp" */ = {
			isa = XCConfigurationList;
			buildConfigurations = (
				48F08ECE2DDF90CD003D26D4 /* Debug */,
				48F08ECF2DDF90CD003D26D4 /* Release */,
			);
			defaultConfigurationIsVisible = 0;
			defaultConfigurationName = Release;
		};
		48F08ED02DDF90CD003D26D4 /* Build configuration list for PBXNativeTarget "BasicApp" */ = {
			isa = XCConfigurationList;
			buildConfigurations = (
				48F08ED12DDF90CD003D26D4 /* Debug */,
				48F08ED22DDF90CD003D26D4 /* Release */,
			);
			defaultConfigurationIsVisible = 0;
			defaultConfigurationName = Release;
		};
		7FADBC1F2F15FA9D0065D721 /* Build configuration list for PBXNativeTarget "DeliveryLiveActivityWidgetExtension" */ = {
			isa = XCConfigurationList;
			buildConfigurations = (
				7FADBC1C2F15FA9D0065D721 /* Debug */,
				7FADBC1D2F15FA9D0065D721 /* Release */,
			);
			defaultConfigurationIsVisible = 0;
			defaultConfigurationName = Release;
		};
		88C976B42DE72BA500D410F8 /* Build configuration list for PBXNativeTarget "ClixNotificationExtension" */ = {
			isa = XCConfigurationList;
			buildConfigurations = (
				88C976B12DE72BA500D410F8 /* Debug */,
				88C976B22DE72BA500D410F8 /* Release */,
			);
			defaultConfigurationIsVisible = 0;
			defaultConfigurationName = Release;
		};
/* End XCConfigurationList section */

/* Begin XCLocalSwiftPackageReference section */
		481BED552DDF9B7E00C3637B /* XCLocalSwiftPackageReference "../../" */ = {
			isa = XCLocalSwiftPackageReference;
			relativePath = ../../;
		};
/* End XCLocalSwiftPackageReference section */

/* Begin XCSwiftPackageProductDependency section */
		481BED562DDF9B7E00C3637B /* Clix */ = {
			isa = XCSwiftPackageProductDependency;
			productName = Clix;
		};
		88C976B72DE7426200D410F8 /* Clix */ = {
			isa = XCSwiftPackageProductDependency;
			package = 481BED552DDF9B7E00C3637B /* XCLocalSwiftPackageReference "../../" */;
			productName = Clix;
		};
/* End XCSwiftPackageProductDependency section */
	};
	rootObject = 48F08EBD2DDF90CC003D26D4 /* Project object */;
}
